
Microsoft Visual Studio Solution File, Format Version 12.00
# Visual Studio Version 16
VisualStudioVersion = 16.0.30320.27
MinimumVisualStudioVersion = 10.0.40219.1
Project("{FAE04EC0-301F-11D3-BF4B-00C04F79EFBC}") = "View", "View\View.csproj", "{4F17627B-1823-4E61-BC91-98D1C48C6B01}"
EndProject
Project("{FAE04EC0-301F-11D3-BF4B-00C04F79EFBC}") = "gfoidl.DataGridView", "C:\Users\osnip\Downloads\datagridview\gfoidl.DataGridView\gfoidl.DataGridView.csproj", "{11771710-4654-4AC4-B1F0-1A6D7B393638}"
EndProject
Global
	GlobalSection(SolutionConfigurationPlatforms) = preSolution
		Debug|Any CPU = Debug|Any CPU
		Release|Any CPU = Release|Any CPU
	EndGlobalSection
	GlobalSection(ProjectConfigurationPlatforms) = postSolution
		{4F17627B-1823-4E61-BC91-98D1C48C6B01}.Debug|Any CPU.ActiveCfg = Debug|Any CPU
		{4F17627B-1823-4E61-BC91-98D1C48C6B01}.Debug|Any CPU.Build.0 = Debug|Any CPU
		{4F17627B-1823-4E61-BC91-98D1C48C6B01}.Release|Any CPU.ActiveCfg = Release|Any CPU
		{4F17627B-1823-4E61-BC91-98D1C48C6B01}.Release|Any CPU.Build.0 = Release|Any CPU
		{11771710-4654-4AC4-B1F0-1A6D7B393638}.Debug|Any CPU.ActiveCfg = Debug|Any CPU
		{11771710-4654-4AC4-B1F0-1A6D7B393638}.Debug|Any CPU.Build.0 = Debug|Any CPU
		{11771710-4654-4AC4-B1F0-1A6D7B393638}.Release|Any CPU.ActiveCfg = Release|Any CPU
		{11771710-4654-4AC4-B1F0-1A6D7B393638}.Release|Any CPU.Build.0 = Release|Any CPU
	EndGlobalSection
	GlobalSection(SolutionProperties) = preSolution
		HideSolutionNode = FALSE
	EndGlobalSection
	GlobalSection(ExtensibilityGlobals) = postSolution
		SolutionGuid = {F3682299-4D56-4EFD-AC04-7762321E885A}
	EndGlobalSection
EndGlobal
